
Microsoft Visual Studio Solution File, Format Version 12.00
# Visual Studio Version 17
VisualStudioVersion = 17.4.33403.182
MinimumVisualStudioVersion = 10.0.40219.1
Project("{FAE04EC0-301F-11D3-BF4B-00C04F79EFBC}") = "Hackathon_Feature_Flagging", "Hackathon_Feature_Flagging.csproj", "{AC68E6C5-578B-462E-BF4A-95BC88E4380D}"
EndProject
Global
	GlobalSection(SolutionConfigurationPlatforms) = preSolution
		Debug|Any CPU = Debug|Any CPU
		Release|Any CPU = Release|Any CPU
	EndGlobalSection
	GlobalSection(ProjectConfigurationPlatforms) = postSolution
		{AC68E6C5-578B-462E-BF4A-95BC88E4380D}.Debug|Any CPU.ActiveCfg = Debug|Any CPU
		{AC68E6C5-578B-462E-BF4A-95BC88E4380D}.Debug|Any CPU.Build.0 = Debug|Any CPU
		{AC68E6C5-578B-462E-BF4A-95BC88E4380D}.Release|Any CPU.ActiveCfg = Release|Any CPU
		{AC68E6C5-578B-462E-BF4A-95BC88E4380D}.Release|Any CPU.Build.0 = Release|Any CPU
	EndGlobalSection
	GlobalSection(SolutionProperties) = preSolution
		HideSolutionNode = FALSE
	EndGlobalSection
	GlobalSection(ExtensibilityGlobals) = postSolution
		SolutionGuid = {337C509F-3E0E-427A-93BC-22D5E95953F2}
	EndGlobalSection
EndGlobal
